
Microsoft Visual Studio Solution File, Format Version 12.00
# Visual Studio Version 17
VisualStudioVersion = 17.7.34221.43
MinimumVisualStudioVersion = 10.0.40219.1
Project("{FAE04EC0-301F-11D3-BF4B-00C04F79EFBC}") = "personelkayit", "personelkayit\personelkayit.csproj", "{1171F9AC-55D1-448A-BC56-F623F5F56855}"
EndProject
Global
	GlobalSection(SolutionConfigurationPlatforms) = preSolution
		Debug|Any CPU = Debug|Any CPU
		Release|Any CPU = Release|Any CPU
	EndGlobalSection
	GlobalSection(ProjectConfigurationPlatforms) = postSolution
		{1171F9AC-55D1-448A-BC56-F623F5F56855}.Debug|Any CPU.ActiveCfg = Debug|Any CPU
		{1171F9AC-55D1-448A-BC56-F623F5F56855}.Debug|Any CPU.Build.0 = Debug|Any CPU
		{1171F9AC-55D1-448A-BC56-F623F5F56855}.Release|Any CPU.ActiveCfg = Release|Any CPU
		{1171F9AC-55D1-448A-BC56-F623F5F56855}.Release|Any CPU.Build.0 = Release|Any CPU
	EndGlobalSection
	GlobalSection(SolutionProperties) = preSolution
		HideSolutionNode = FALSE
	EndGlobalSection
	GlobalSection(ExtensibilityGlobals) = postSolution
		SolutionGuid = {C77A5110-A113-439A-B190-38E1ABB056B5}
	EndGlobalSection
EndGlobal
